{
  "version": 4,
  "terraform_version": "1.15.6",
  "serial": 3,
  "lineage": "1e64d079-22f7-9a58-4a2d-d08bb464044a",
  "outputs": {},
  "resources": [
    {
      "mode": "managed",
      "type": "azurerm_resource_group",
      "name": "rg",
      "provider": "provider[\"registry.terraform.io/hashicorp/azurerm\"]",
      "instances": [
        {
          "schema_version": 0,
          "attributes": {
            "id": "/subscriptions/1300807e-e401-4b7e-aad8-3704f3170d21/resourceGroups/mirz0014-all-rg",
            "location": "canadacentral",
            "managed_by": "",
            "name": "mirz0014-all-rg",
            "tags": {},
            "timeouts": null
          },
          "sensitive_attributes": [],
          "identity_schema_version": 0,
          "identity": {
            "name": "mirz0014-all-rg",
            "subscription_id": "1300807e-e401-4b7e-aad8-3704f3170d21"
          },
          "private": "eyJlMmJmYjczMC1lY2FhLTExZTYtOGY4OC0zNDM2M2JjN2M0YzAiOnsiY3JlYXRlIjo1NDAwMDAwMDAwMDAwLCJkZWxldGUiOjU0MDAwMDAwMDAwMDAsInJlYWQiOjMwMDAwMDAwMDAwMCwidXBkYXRlIjo1NDAwMDAwMDAwMDAwfX0="
        }
      ]
    },
    {
      "mode": "managed",
      "type": "azurerm_subnet",
      "name": "subnet",
      "provider": "provider[\"registry.terraform.io/hashicorp/azurerm\"]",
      "instances": [
        {
          "schema_version": 0,
          "attributes": {
            "address_prefixes": [
              "10.0.1.0/24"
            ],
            "default_outbound_access_enabled": true,
            "delegation": [],
            "id": "/subscriptions/1300807e-e401-4b7e-aad8-3704f3170d21/resourceGroups/mirz0014-all-rg/providers/Microsoft.Network/virtualNetworks/mirz0014-all-vnet/subnets/mirz0014-all-test-subnet",
            "ip_address_pool": [],
            "name": "mirz0014-all-test-subnet",
            "private_endpoint_network_policies": "Disabled",
            "private_link_service_network_policies_enabled": true,
            "resource_group_name": "mirz0014-all-rg",
            "service_endpoint_policy_ids": null,
            "service_endpoints": null,
            "sharing_scope": "",
            "timeouts": null,
            "virtual_network_name": "mirz0014-all-vnet"
          },
          "sensitive_attributes": [],
          "identity_schema_version": 0,
          "identity": {
            "name": "mirz0014-all-test-subnet",
            "resource_group_name": "mirz0014-all-rg",
            "subscription_id": "1300807e-e401-4b7e-aad8-3704f3170d21",
            "virtual_network_name": "mirz0014-all-vnet"
          },
          "private": "eyJlMmJmYjczMC1lY2FhLTExZTYtOGY4OC0zNDM2M2JjN2M0YzAiOnsiY3JlYXRlIjoxODAwMDAwMDAwMDAwLCJkZWxldGUiOjE4MDAwMDAwMDAwMDAsInJlYWQiOjMwMDAwMDAwMDAwMCwidXBkYXRlIjoxODAwMDAwMDAwMDAwfX0=",
          "dependencies": [
            "azurerm_resource_group.rg",
            "azurerm_virtual_network.vnet"
          ]
        }
      ]
    },
    {
      "mode": "managed",
      "type": "azurerm_virtual_network",
      "name": "vnet",
      "provider": "provider[\"registry.terraform.io/hashicorp/azurerm\"]",
      "instances": [
        {
          "schema_version": 0,
          "attributes": {
            "address_space": [
              "10.0.0.0/16"
            ],
            "bgp_community": "",
            "ddos_protection_plan": [],
            "dns_servers": [],
            "edge_zone": "",
            "encryption": [],
            "flow_timeout_in_minutes": 0,
            "guid": "b63d8cb5-2780-4504-9899-b9ec07cfddf3",
            "id": "/subscriptions/1300807e-e401-4b7e-aad8-3704f3170d21/resourceGroups/mirz0014-all-rg/providers/Microsoft.Network/virtualNetworks/mirz0014-all-vnet",
            "ip_address_pool": [],
            "location": "canadacentral",
            "name": "mirz0014-all-vnet",
            "private_endpoint_vnet_policies": "Disabled",
            "resource_group_name": "mirz0014-all-rg",
            "subnet": [],
            "tags": null,
            "timeouts": null
          },
          "sensitive_attributes": [],
          "identity_schema_version": 0,
          "identity": {
            "name": "mirz0014-all-vnet",
            "resource_group_name": "mirz0014-all-rg",
            "subscription_id": "1300807e-e401-4b7e-aad8-3704f3170d21"
          },
          "private": "eyJlMmJmYjczMC1lY2FhLTExZTYtOGY4OC0zNDM2M2JjN2M0YzAiOnsiY3JlYXRlIjoxODAwMDAwMDAwMDAwLCJkZWxldGUiOjE4MDAwMDAwMDAwMDAsInJlYWQiOjMwMDAwMDAwMDAwMCwidXBkYXRlIjoxODAwMDAwMDAwMDAwfX0=",
          "dependencies": [
            "azurerm_resource_group.rg"
          ]
        }
      ]
    }
  ],
  "check_results": null
}
